
Microsoft Visual Studio Solution File, Format Version 12.00
# Visual Studio Version 17
VisualStudioVersion = 17.7.34024.191
MinimumVisualStudioVersion = 10.0.40219.1
Project("{FAE04EC0-301F-11D3-BF4B-00C04F79EFBC}") = "9999", "9999.csproj", "{DBDEDB09-A9BC-4580-9DBD-1C16DA401351}"
EndProject
Global
	GlobalSection(SolutionConfigurationPlatforms) = preSolution
		Debug|Any CPU = Debug|Any CPU
		Release|Any CPU = Release|Any CPU
	EndGlobalSection
	GlobalSection(ProjectConfigurationPlatforms) = postSolution
		{DBDEDB09-A9BC-4580-9DBD-1C16DA401351}.Debug|Any CPU.ActiveCfg = Debug|Any CPU
		{DBDEDB09-A9BC-4580-9DBD-1C16DA401351}.Debug|Any CPU.Build.0 = Debug|Any CPU
		{DBDEDB09-A9BC-4580-9DBD-1C16DA401351}.Release|Any CPU.ActiveCfg = Release|Any CPU
		{DBDEDB09-A9BC-4580-9DBD-1C16DA401351}.Release|Any CPU.Build.0 = Release|Any CPU
	EndGlobalSection
	GlobalSection(SolutionProperties) = preSolution
		HideSolutionNode = FALSE
	EndGlobalSection
	GlobalSection(ExtensibilityGlobals) = postSolution
		SolutionGuid = {D725AFB7-A249-4F44-91E3-0C6DF8EF1513}
	EndGlobalSection
EndGlobal
